// !$*UTF8*$!
{
	archiveVersion = 1;
	classes = {
	};
	objectVersion = 46;
	objects = {

/* Begin PBXBuildFile section */
		C0080F6F1D0FCDCE00D5846A /* main.m in Sources */ = {isa = PBXBuildFile; fileRef = C0080F6E1D0FCDCE00D5846A /* main.m */; };
		C0080F721D0FCDCE00D5846A /* AppDelegate.m in Sources */ = {isa = PBXBuildFile; fileRef = C0080F711D0FCDCE00D5846A /* AppDelegate.m */; };
		C0080F751D0FCDCE00D5846A /* ViewController.m in Sources */ = {isa = PBXBuildFile; fileRef = C0080F741D0FCDCE00D5846A /* ViewController.m */; };
		C0080F781D0FCDCE00D5846A /* Main.storyboard in Resources */ = {isa = PBXBuildFile; fileRef = C0080F761D0FCDCE00D5846A /* Main.storyboard */; };
		C0080F7A1D0FCDCE00D5846A /* Assets.xcassets in Resources */ = {isa = PBXBuildFile; fileRef = C0080F791D0FCDCE00D5846A /* Assets.xcassets */; };
		C0080F7D1D0FCDCE00D5846A /* LaunchScreen.storyboard in Resources */ = {isa = PBXBuildFile; fileRef = C0080F7B1D0FCDCE00D5846A /* LaunchScreen.storyboard */; };
		C0E71A011D1D13680083E2BD /* CheckView.m in Sources */ = {isa = PBXBuildFile; fileRef = C0E719EC1D1D13680083E2BD /* CheckView.m */; };
		C0E71A021D1D13680083E2BD /* galary_check@2x.png in Resources */ = {isa = PBXBuildFile; fileRef = C0E719ED1D1D13680083E2BD /* galary_check@2x.png */; };
		C0E71A031D1D13680083E2BD /* galary_check@3x.png in Resources */ = {isa = PBXBuildFile; fileRef = C0E719EE1D1D13680083E2BD /* galary_check@3x.png */; };
		C0E71A041D1D13680083E2BD /* GalaryGridCollectionViewCell.m in Sources */ = {isa = PBXBuildFile; fileRef = C0E719F01D1D13680083E2BD /* GalaryGridCollectionViewCell.m */; };
		C0E71A051D1D13680083E2BD /* GalaryGridCollectionViewCell.xib in Resources */ = {isa = PBXBuildFile; fileRef = C0E719F11D1D13680083E2BD /* GalaryGridCollectionViewCell.xib */; };
		C0E71A061D1D13680083E2BD /* GalaryGridViewController.m in Sources */ = {isa = PBXBuildFile; fileRef = C0E719F31D1D13680083E2BD /* GalaryGridViewController.m */; };
		C0E71A071D1D13680083E2BD /* GalaryHelper.m in Sources */ = {isa = PBXBuildFile; fileRef = C0E719F51D1D13680083E2BD /* GalaryHelper.m */; };
		C0E71A081D1D13680083E2BD /* GalaryPagingViewController.m in Sources */ = {isa = PBXBuildFile; fileRef = C0E719F71D1D13680083E2BD /* GalaryPagingViewController.m */; };
		C0E71A091D1D13680083E2BD /* GalaryRootTableViewCell.m in Sources */ = {isa = PBXBuildFile; fileRef = C0E719F91D1D13680083E2BD /* GalaryRootTableViewCell.m */; };
		C0E71A0A1D1D13680083E2BD /* GalaryRootTableViewCell.xib in Resources */ = {isa = PBXBuildFile; fileRef = C0E719FA1D1D13680083E2BD /* GalaryRootTableViewCell.xib */; };
		C0E71A0B1D1D13680083E2BD /* GalaryRootTableViewController.m in Sources */ = {isa = PBXBuildFile; fileRef = C0E719FC1D1D13680083E2BD /* GalaryRootTableViewController.m */; };
		C0E71A0C1D1D13680083E2BD /* NSIndexSet+Convenience.m in Sources */ = {isa = PBXBuildFile; fileRef = C0E719FE1D1D13680083E2BD /* NSIndexSet+Convenience.m */; };
		C0E71A0D1D1D13680083E2BD /* UICollectionView+Convenience.m in Sources */ = {isa = PBXBuildFile; fileRef = C0E71A001D1D13680083E2BD /* UICollectionView+Convenience.m */; };
		C0E71A101D1D1A920083E2BD /* TextViewController.m in Sources */ = {isa = PBXBuildFile; fileRef = C0E71A0F1D1D1A920083E2BD /* TextViewController.m */; };
		C0E71A161D1D21F70083E2BD /* Galary.podspec in Resources */ = {isa = PBXBuildFile; fileRef = C0E71A151D1D21F70083E2BD /* Galary.podspec */; };
		C0EC630B1D22937400686DC9 /* ZommableImageView.m in Sources */ = {isa = PBXBuildFile; fileRef = C0EC630A1D22937400686DC9 /* ZommableImageView.m */; };
/* End PBXBuildFile section */

/* Begin PBXFileReference section */
		C0080F6A1D0FCDCE00D5846A /* Galary.app */ = {isa = PBXFileReference; explicitFileType = wrapper.application; includeInIndex = 0; path = Galary.app; sourceTree = BUILT_PRODUCTS_DIR; };
		C0080F6E1D0FCDCE00D5846A /* main.m */ = {isa = PBXFileReference; lastKnownFileType = sourcecode.c.objc; path = main.m; sourceTree = "<group>"; };
		C0080F701D0FCDCE00D5846A /* AppDelegate.h */ = {isa = PBXFileReference; lastKnownFileType = sourcecode.c.h; path = AppDelegate.h; sourceTree = "<group>"; };
		C0080F711D0FCDCE00D5846A /* AppDelegate.m */ = {isa = PBXFileReference; lastKnownFileType = sourcecode.c.objc; path = AppDelegate.m; sourceTree = "<group>"; };
		C0080F731D0FCDCE00D5846A /* ViewController.h */ = {isa = PBXFileReference; lastKnownFileType = sourcecode.c.h; path = ViewController.h; sourceTree = "<group>"; };
		C0080F741D0FCDCE00D5846A /* ViewController.m */ = {isa = PBXFileReference; lastKnownFileType = sourcecode.c.objc; path = ViewController.m; sourceTree = "<group>"; };
		C0080F771D0FCDCE00D5846A /* Base */ = {isa = PBXFileReference; lastKnownFileType = file.storyboard; name = Base; path = Base.lproj/Main.storyboard; sourceTree = "<group>"; };
		C0080F791D0FCDCE00D5846A /* Assets.xcassets */ = {isa = PBXFileReference; lastKnownFileType = folder.assetcatalog; path = Assets.xcassets; sourceTree = "<group>"; };
		C0080F7C1D0FCDCE00D5846A /* Base */ = {isa = PBXFileReference; lastKnownFileType = file.storyboard; name = Base; path = Base.lproj/LaunchScreen.storyboard; sourceTree = "<group>"; };
		C0080F7E1D0FCDCE00D5846A /* Info.plist */ = {isa = PBXFileReference; lastKnownFileType = text.plist.xml; path = Info.plist; sourceTree = "<group>"; };
		C0E719EB1D1D13680083E2BD /* CheckView.h */ = {isa = PBXFileReference; fileEncoding = 4; lastKnownFileType = sourcecode.c.h; path = CheckView.h; sourceTree = "<group>"; };
		C0E719EC1D1D13680083E2BD /* CheckView.m */ = {isa = PBXFileReference; fileEncoding = 4; lastKnownFileType = sourcecode.c.objc; path = CheckView.m; sourceTree = "<group>"; };
		C0E719ED1D1D13680083E2BD /* galary_check@2x.png */ = {isa = PBXFileReference; lastKnownFileType = image.png; path = "galary_check@2x.png"; sourceTree = "<group>"; };
		C0E719EE1D1D13680083E2BD /* galary_check@3x.png */ = {isa = PBXFileReference; lastKnownFileType = image.png; path = "galary_check@3x.png"; sourceTree = "<group>"; };
		C0E719EF1D1D13680083E2BD /* GalaryGridCollectionViewCell.h */ = {isa = PBXFileReference; fileEncoding = 4; lastKnownFileType = sourcecode.c.h; path = GalaryGridCollectionViewCell.h; sourceTree = "<group>"; };
		C0E719F01D1D13680083E2BD /* GalaryGridCollectionViewCell.m */ = {isa = PBXFileReference; fileEncoding = 4; lastKnownFileType = sourcecode.c.objc; path = GalaryGridCollectionViewCell.m; sourceTree = "<group>"; };
		C0E719F11D1D13680083E2BD /* GalaryGridCollectionViewCell.xib */ = {isa = PBXFileReference; fileEncoding = 4; lastKnownFileType = file.xib; path = GalaryGridCollectionViewCell.xib; sourceTree = "<group>"; };
		C0E719F21D1D13680083E2BD /* GalaryGridViewController.h */ = {isa = PBXFileReference; fileEncoding = 4; lastKnownFileType = sourcecode.c.h; path = GalaryGridViewController.h; sourceTree = "<group>"; };
		C0E719F31D1D13680083E2BD /* GalaryGridViewController.m */ = {isa = PBXFileReference; fileEncoding = 4; lastKnownFileType = sourcecode.c.objc; path = GalaryGridViewController.m; sourceTree = "<group>"; };
		C0E719F41D1D13680083E2BD /* GalaryHelper.h */ = {isa = PBXFileReference; fileEncoding = 4; lastKnownFileType = sourcecode.c.h; path = GalaryHelper.h; sourceTree = "<group>"; };
		C0E719F51D1D13680083E2BD /* GalaryHelper.m */ = {isa = PBXFileReference; fileEncoding = 4; lastKnownFileType = sourcecode.c.objc; path = GalaryHelper.m; sourceTree = "<group>"; };
		C0E719F61D1D13680083E2BD /* GalaryPagingViewController.h */ = {isa = PBXFileReference; fileEncoding = 4; lastKnownFileType = sourcecode.c.h; path = GalaryPagingViewController.h; sourceTree = "<group>"; };
		C0E719F71D1D13680083E2BD /* GalaryPagingViewController.m */ = {isa = PBXFileReference; fileEncoding = 4; lastKnownFileType = sourcecode.c.objc; path = GalaryPagingViewController.m; sourceTree = "<group>"; };
		C0E719F81D1D13680083E2BD /* GalaryRootTableViewCell.h */ = {isa = PBXFileReference; fileEncoding = 4; lastKnownFileType = sourcecode.c.h; path = GalaryRootTableViewCell.h; sourceTree = "<group>"; };
		C0E719F91D1D13680083E2BD /* GalaryRootTableViewCell.m */ = {isa = PBXFileReference; fileEncoding = 4; lastKnownFileType = sourcecode.c.objc; path = GalaryRootTableViewCell.m; sourceTree = "<group>"; };
		C0E719FA1D1D13680083E2BD /* GalaryRootTableViewCell.xib */ = {isa = PBXFileReference; fileEncoding = 4; lastKnownFileType = file.xib; path = GalaryRootTableViewCell.xib; sourceTree = "<group>"; };
		C0E719FB1D1D13680083E2BD /* GalaryRootTableViewController.h */ = {isa = PBXFileReference; fileEncoding = 4; lastKnownFileType = sourcecode.c.h; path = GalaryRootTableViewController.h; sourceTree = "<group>"; };
		C0E719FC1D1D13680083E2BD /* GalaryRootTableViewController.m */ = {isa = PBXFileReference; fileEncoding = 4; lastKnownFileType = sourcecode.c.objc; path = GalaryRootTableViewController.m; sourceTree = "<group>"; };
		C0E719FD1D1D13680083E2BD /* NSIndexSet+Convenience.h */ = {isa = PBXFileReference; fileEncoding = 4; lastKnownFileType = sourcecode.c.h; path = "NSIndexSet+Convenience.h"; sourceTree = "<group>"; };
		C0E719FE1D1D13680083E2BD /* NSIndexSet+Convenience.m */ = {isa = PBXFileReference; fileEncoding = 4; lastKnownFileType = sourcecode.c.objc; path = "NSIndexSet+Convenience.m"; sourceTree = "<group>"; };
		C0E719FF1D1D13680083E2BD /* UICollectionView+Convenience.h */ = {isa = PBXFileReference; fileEncoding = 4; lastKnownFileType = sourcecode.c.h; path = "UICollectionView+Convenience.h"; sourceTree = "<group>"; };
		C0E71A001D1D13680083E2BD /* UICollectionView+Convenience.m */ = {isa = PBXFileReference; fileEncoding = 4; lastKnownFileType = sourcecode.c.objc; path = "UICollectionView+Convenience.m"; sourceTree = "<group>"; };
		C0E71A0E1D1D1A920083E2BD /* TextViewController.h */ = {isa = PBXFileReference; fileEncoding = 4; lastKnownFileType = sourcecode.c.h; path = TextViewController.h; sourceTree = "<group>"; };
		C0E71A0F1D1D1A920083E2BD /* TextViewController.m */ = {isa = PBXFileReference; fileEncoding = 4; lastKnownFileType = sourcecode.c.objc; path = TextViewController.m; sourceTree = "<group>"; };
		C0E71A151D1D21F70083E2BD /* Galary.podspec */ = {isa = PBXFileReference; fileEncoding = 4; lastKnownFileType = text; path = Galary.podspec; sourceTree = "<group>"; };
		C0EC63091D22937400686DC9 /* ZommableImageView.h */ = {isa = PBXFileReference; fileEncoding = 4; lastKnownFileType = sourcecode.c.h; path = ZommableImageView.h; sourceTree = "<group>"; };
		C0EC630A1D22937400686DC9 /* ZommableImageView.m */ = {isa = PBXFileReference; fileEncoding = 4; lastKnownFileType = sourcecode.c.objc; path = ZommableImageView.m; sourceTree = "<group>"; };
/* End PBXFileReference section */

/* Begin PBXFrameworksBuildPhase section */
		C0080F671D0FCDCE00D5846A /* Frameworks */ = {
			isa = PBXFrameworksBuildPhase;
			buildActionMask = 2147483647;
			files = (
			);
			runOnlyForDeploymentPostprocessing = 0;
		};
/* End PBXFrameworksBuildPhase section */

/* Begin PBXGroup section */
		C0080F611D0FCDCE00D5846A = {
			isa = PBXGroup;
			children = (
				C0E71A151D1D21F70083E2BD /* Galary.podspec */,
				C0080F6C1D0FCDCE00D5846A /* Galary */,
				C0080F6B1D0FCDCE00D5846A /* Products */,
			);
			sourceTree = "<group>";
		};
		C0080F6B1D0FCDCE00D5846A /* Products */ = {
			isa = PBXGroup;
			children = (
				C0080F6A1D0FCDCE00D5846A /* Galary.app */,
			);
			name = Products;
			sourceTree = "<group>";
		};
		C0080F6C1D0FCDCE00D5846A /* Galary */ = {
			isa = PBXGroup;
			children = (
				C0080F701D0FCDCE00D5846A /* AppDelegate.h */,
				C0080F711D0FCDCE00D5846A /* AppDelegate.m */,
				C0080F731D0FCDCE00D5846A /* ViewController.h */,
				C0080F741D0FCDCE00D5846A /* ViewController.m */,
				C0E71A0E1D1D1A920083E2BD /* TextViewController.h */,
				C0E71A0F1D1D1A920083E2BD /* TextViewController.m */,
				C0080F761D0FCDCE00D5846A /* Main.storyboard */,
				C0080F791D0FCDCE00D5846A /* Assets.xcassets */,
				C0080F7B1D0FCDCE00D5846A /* LaunchScreen.storyboard */,
				C0080F7E1D0FCDCE00D5846A /* Info.plist */,
				C0E719EA1D1D13680083E2BD /* MyGalary */,
				C0080F6D1D0FCDCE00D5846A /* Supporting Files */,
			);
			path = Galary;
			sourceTree = "<group>";
		};
		C0080F6D1D0FCDCE00D5846A /* Supporting Files */ = {
			isa = PBXGroup;
			children = (
				C0080F6E1D0FCDCE00D5846A /* main.m */,
			);
			name = "Supporting Files";
			sourceTree = "<group>";
		};
		C0E719EA1D1D13680083E2BD /* MyGalary */ = {
			isa = PBXGroup;
			children = (
				C0E719F41D1D13680083E2BD /* GalaryHelper.h */,
				C0E719F51D1D13680083E2BD /* GalaryHelper.m */,
				C0E719FB1D1D13680083E2BD /* GalaryRootTableViewController.h */,
				C0E719FC1D1D13680083E2BD /* GalaryRootTableViewController.m */,
				C0E719F21D1D13680083E2BD /* GalaryGridViewController.h */,
				C0E719F31D1D13680083E2BD /* GalaryGridViewController.m */,
				C0E719F61D1D13680083E2BD /* GalaryPagingViewController.h */,
				C0E719F71D1D13680083E2BD /* GalaryPagingViewController.m */,
				C0E719EB1D1D13680083E2BD /* CheckView.h */,
				C0E719EC1D1D13680083E2BD /* CheckView.m */,
				C0E719ED1D1D13680083E2BD /* galary_check@2x.png */,
				C0E719EE1D1D13680083E2BD /* galary_check@3x.png */,
				C0E719EF1D1D13680083E2BD /* GalaryGridCollectionViewCell.h */,
				C0E719F01D1D13680083E2BD /* GalaryGridCollectionViewCell.m */,
				C0E719F11D1D13680083E2BD /* GalaryGridCollectionViewCell.xib */,
				C0E719F81D1D13680083E2BD /* GalaryRootTableViewCell.h */,
				C0E719F91D1D13680083E2BD /* GalaryRootTableViewCell.m */,
				C0E719FA1D1D13680083E2BD /* GalaryRootTableViewCell.xib */,
				C0E719FD1D1D13680083E2BD /* NSIndexSet+Convenience.h */,
				C0E719FE1D1D13680083E2BD /* NSIndexSet+Convenience.m */,
				C0E719FF1D1D13680083E2BD /* UICollectionView+Convenience.h */,
				C0E71A001D1D13680083E2BD /* UICollectionView+Convenience.m */,
				C0EC63091D22937400686DC9 /* ZommableImageView.h */,
				C0EC630A1D22937400686DC9 /* ZommableImageView.m */,
			);
			path = MyGalary;
			sourceTree = "<group>";
		};
/* End PBXGroup section */

/* Begin PBXNativeTarget section */
		C0080F691D0FCDCE00D5846A /* Galary */ = {
			isa = PBXNativeTarget;
			buildConfigurationList = C0080F811D0FCDCE00D5846A /* Build configuration list for PBXNativeTarget "Galary" */;
			buildPhases = (
				C0080F661D0FCDCE00D5846A /* Sources */,
				C0080F671D0FCDCE00D5846A /* Frameworks */,
				C0080F681D0FCDCE00D5846A /* Resources */,
			);
			buildRules = (
			);
			dependencies = (
			);
			name = Galary;
			productName = Galary;
			productReference = C0080F6A1D0FCDCE00D5846A /* Galary.app */;
			productType = "com.apple.product-type.application";
		};
/* End PBXNativeTarget section */

/* Begin PBXProject section */
		C0080F621D0FCDCE00D5846A /* Project object */ = {
			isa = PBXProject;
			attributes = {
				LastUpgradeCheck = 0730;
				ORGANIZATIONNAME = joshuali;
				TargetAttributes = {
					C0080F691D0FCDCE00D5846A = {
						CreatedOnToolsVersion = 7.3.1;
						DevelopmentTeam = U8DVA2L62W;
						DevelopmentTeamName = "Beijing Aixuehuisi Co., Ltd.";
					};
				};
			};
			buildConfigurationList = C0080F651D0FCDCE00D5846A /* Build configuration list for PBXProject "Galary" */;
			compatibilityVersion = "Xcode 3.2";
			developmentRegion = English;
			hasScannedForEncodings = 0;
			knownRegions = (
				en,
				Base,
			);
			mainGroup = C0080F611D0FCDCE00D5846A;
			productRefGroup = C0080F6B1D0FCDCE00D5846A /* Products */;
			projectDirPath = "";
			projectRoot = "";
			targets = (
				C0080F691D0FCDCE00D5846A /* Galary */,
			);
		};
/* End PBXProject section */

/* Begin PBXResourcesBuildPhase section */
		C0080F681D0FCDCE00D5846A /* Resources */ = {
			isa = PBXResourcesBuildPhase;
			buildActionMask = 2147483647;
			files = (
				C0080F7D1D0FCDCE00D5846A /* LaunchScreen.storyboard in Resources */,
				C0E71A021D1D13680083E2BD /* galary_check@2x.png in Resources */,
				C0E71A161D1D21F70083E2BD /* Galary.podspec in Resources */,
				C0E71A0A1D1D13680083E2BD /* GalaryRootTableViewCell.xib in Resources */,
				C0E71A031D1D13680083E2BD /* galary_check@3x.png in Resources */,
				C0080F7A1D0FCDCE00D5846A /* Assets.xcassets in Resources */,
				C0E71A051D1D13680083E2BD /* GalaryGridCollectionViewCell.xib in Resources */,
				C0080F781D0FCDCE00D5846A /* Main.storyboard in Resources */,
			);
			runOnlyForDeploymentPostprocessing = 0;
		};
/* End PBXResourcesBuildPhase section */

/* Begin PBXSourcesBuildPhase section */
		C0080F661D0FCDCE00D5846A /* Sources */ = {
			isa = PBXSourcesBuildPhase;
			buildActionMask = 2147483647;
			files = (
				C0E71A071D1D13680083E2BD /* GalaryHelper.m in Sources */,
				C0080F751D0FCDCE00D5846A /* ViewController.m in Sources */,
				C0080F721D0FCDCE00D5846A /* AppDelegate.m in Sources */,
				C0E71A101D1D1A920083E2BD /* TextViewController.m in Sources */,
				C0E71A061D1D13680083E2BD /* GalaryGridViewController.m in Sources */,
				C0E71A081D1D13680083E2BD /* GalaryPagingViewController.m in Sources */,
				C0E71A0B1D1D13680083E2BD /* GalaryRootTableViewController.m in Sources */,
				C0E71A0C1D1D13680083E2BD /* NSIndexSet+Convenience.m in Sources */,
				C0E71A041D1D13680083E2BD /* GalaryGridCollectionViewCell.m in Sources */,
				C0EC630B1D22937400686DC9 /* ZommableImageView.m in Sources */,
				C0E71A091D1D13680083E2BD /* GalaryRootTableViewCell.m in Sources */,
				C0080F6F1D0FCDCE00D5846A /* main.m in Sources */,
				C0E71A0D1D1D13680083E2BD /* UICollectionView+Convenience.m in Sources */,
				C0E71A011D1D13680083E2BD /* CheckView.m in Sources */,
			);
			runOnlyForDeploymentPostprocessing = 0;
		};
/* End PBXSourcesBuildPhase section */

/* Begin PBXVariantGroup section */
		C0080F761D0FCDCE00D5846A /* Main.storyboard */ = {
			isa = PBXVariantGroup;
			children = (
				C0080F771D0FCDCE00D5846A /* Base */,
			);
			name = Main.storyboard;
			sourceTree = "<group>";
		};
		C0080F7B1D0FCDCE00D5846A /* LaunchScreen.storyboard */ = {
			isa = PBXVariantGroup;
			children = (
				C0080F7C1D0FCDCE00D5846A /* Base */,
			);
			name = LaunchScreen.storyboard;
			sourceTree = "<group>";
		};
/* End PBXVariantGroup section */

/* Begin XCBuildConfiguration section */
		C0080F7F1D0FCDCE00D5846A /* Debug */ = {
			isa = XCBuildConfiguration;
			buildSettings = {
				ALWAYS_SEARCH_USER_PATHS = NO;
				CLANG_ANALYZER_NONNULL = YES;
				CLANG_CXX_LANGUAGE_STANDARD = "gnu++0x";
				CLANG_CXX_LIBRARY = "libc++";
				CLANG_ENABLE_MODULES = YES;
				CLANG_ENABLE_OBJC_ARC = YES;
				CLANG_WARN_BOOL_CONVERSION = YES;
				CLANG_WARN_CONSTANT_CONVERSION = YES;
				CLANG_WARN_DIRECT_OBJC_ISA_USAGE = YES_ERROR;
				CLANG_WARN_EMPTY_BODY = YES;
				CLANG_WARN_ENUM_CONVERSION = YES;
				CLANG_WARN_INT_CONVERSION = YES;
				CLANG_WARN_OBJC_ROOT_CLASS = YES_ERROR;
				CLANG_WARN_UNREACHABLE_CODE = YES;
				CLANG_WARN__DUPLICATE_METHOD_MATCH = YES;
				"CODE_SIGN_IDENTITY[sdk=iphoneos*]" = "iPhone Developer";
				COPY_PHASE_STRIP = NO;
				DEBUG_INFORMATION_FORMAT = dwarf;
				ENABLE_STRICT_OBJC_MSGSEND = YES;
				ENABLE_TESTABILITY = YES;
				GCC_C_LANGUAGE_STANDARD = gnu99;
				GCC_DYNAMIC_NO_PIC = NO;
				GCC_NO_COMMON_BLOCKS = YES;
				GCC_OPTIMIZATION_LEVEL = 0;
				GCC_PREPROCESSOR_DEFINITIONS = (
					"DEBUG=1",
					"$(inherited)",
				);
				GCC_WARN_64_TO_32_BIT_CONVERSION = YES;
				GCC_WARN_ABOUT_RETURN_TYPE = YES_ERROR;
				GCC_WARN_UNDECLARED_SELECTOR = YES;
				GCC_WARN_UNINITIALIZED_AUTOS = YES_AGGRESSIVE;
				GCC_WARN_UNUSED_FUNCTION = YES;
				GCC_WARN_UNUSED_VARIABLE = YES;
				IPHONEOS_DEPLOYMENT_TARGET = 9.3;
				MTL_ENABLE_DEBUG_INFO = YES;
				ONLY_ACTIVE_ARCH = YES;
				SDKROOT = iphoneos;
			};
			name = Debug;
		};
		C0080F801D0FCDCE00D5846A /* Release */ = {
			isa = XCBuildConfiguration;
			buildSettings = {
				ALWAYS_SEARCH_USER_PATHS = NO;
				CLANG_ANALYZER_NONNULL = YES;
				CLANG_CXX_LANGUAGE_STANDARD = "gnu++0x";
				CLANG_CXX_LIBRARY = "libc++";
				CLANG_ENABLE_MODULES = YES;
				CLANG_ENABLE_OBJC_ARC = YES;
				CLANG_WARN_BOOL_CONVERSION = YES;
				CLANG_WARN_CONSTANT_CONVERSION = YES;
				CLANG_WARN_DIRECT_OBJC_ISA_USAGE = YES_ERROR;
				CLANG_WARN_EMPTY_BODY = YES;
				CLANG_WARN_ENUM_CONVERSION = YES;
				CLANG_WARN_INT_CONVERSION = YES;
				CLANG_WARN_OBJC_ROOT_CLASS = YES_ERROR;
				CLANG_WARN_UNREACHABLE_CODE = YES;
				CLANG_WARN__DUPLICATE_METHOD_MATCH = YES;
				"CODE_SIGN_IDENTITY[sdk=iphoneos*]" = "iPhone Developer";
				COPY_PHASE_STRIP = NO;
				DEBUG_INFORMATION_FORMAT = "dwarf-with-dsym";
				ENABLE_NS_ASSERTIONS = NO;
				ENABLE_STRICT_OBJC_MSGSEND = YES;
				GCC_C_LANGUAGE_STANDARD = gnu99;
				GCC_NO_COMMON_BLOCKS = YES;
				GCC_WARN_64_TO_32_BIT_CONVERSION = YES;
				GCC_WARN_ABOUT_RETURN_TYPE = YES_ERROR;
				GCC_WARN_UNDECLARED_SELECTOR = YES;
				GCC_WARN_UNINITIALIZED_AUTOS = YES_AGGRESSIVE;
				GCC_WARN_UNUSED_FUNCTION = YES;
				GCC_WARN_UNUSED_VARIABLE = YES;
				IPHONEOS_DEPLOYMENT_TARGET = 9.3;
				MTL_ENABLE_DEBUG_INFO = NO;
				SDKROOT = iphoneos;
				VALIDATE_PRODUCT = YES;
			};
			name = Release;
		};
		C0080F821D0FCDCE00D5846A /* Debug */ = {
			isa = XCBuildConfiguration;
			buildSettings = {
				ASSETCATALOG_COMPILER_APPICON_NAME = AppIcon;
				INFOPLIST_FILE = Galary/Info.plist;
				IPHONEOS_DEPLOYMENT_TARGET = 8.0;
				LD_RUNPATH_SEARCH_PATHS = "$(inherited) @executable_path/Frameworks";
				PRODUCT_BUNDLE_IDENTIFIER = code.joshuali.galary.Galary;
				PRODUCT_NAME = "$(TARGET_NAME)";
			};
			name = Debug;
		};
		C0080F831D0FCDCE00D5846A /* Release */ = {
			isa = XCBuildConfiguration;
			buildSettings = {
				ASSETCATALOG_COMPILER_APPICON_NAME = AppIcon;
				INFOPLIST_FILE = Galary/Info.plist;
				IPHONEOS_DEPLOYMENT_TARGET = 8.0;
				LD_RUNPATH_SEARCH_PATHS = "$(inherited) @executable_path/Frameworks";
				PRODUCT_BUNDLE_IDENTIFIER = code.joshuali.galary.Galary;
				PRODUCT_NAME = "$(TARGET_NAME)";
			};
			name = Release;
		};
/* End XCBuildConfiguration section */

/* Begin XCConfigurationList section */
		C0080F651D0FCDCE00D5846A /* Build configuration list for PBXProject "Galary" */ = {
			isa = XCConfigurationList;
			buildConfigurations = (
				C0080F7F1D0FCDCE00D5846A /* Debug */,
				C0080F801D0FCDCE00D5846A /* Release */,
			);
			defaultConfigurationIsVisible = 0;
			defaultConfigurationName = Release;
		};
		C0080F811D0FCDCE00D5846A /* Build configuration list for PBXNativeTarget "Galary" */ = {
			isa = XCConfigurationList;
			buildConfigurations = (
				C0080F821D0FCDCE00D5846A /* Debug */,
				C0080F831D0FCDCE00D5846A /* Release */,
			);
			defaultConfigurationIsVisible = 0;
			defaultConfigurationName = Release;
		};
/* End XCConfigurationList section */
	};
	rootObject = C0080F621D0FCDCE00D5846A /* Project object */;
}
